// !$*UTF8*$!
{
	archiveVersion = 1;
	classes = {
	};
	objectVersion = 46;
	objects = {

/* Begin PBXFileReference section */
		D2C71CA1182CBC0B00C7BFA3 /* devvm_provision.py */ = {isa = PBXFileReference; fileEncoding = 4; lastKnownFileType = text.script.python; path = devvm_provision.py; sourceTree = "<group>"; };
		D2C71CA3182CBC1700C7BFA3 /* vm_prov.py */ = {isa = PBXFileReference; fileEncoding = 4; lastKnownFileType = text.script.python; path = vm_prov.py; sourceTree = "<group>"; };
		D2F2B61018256D13000B5FCC /* pygdb.py */ = {isa = PBXFileReference; lastKnownFileType = text.script.python; path = pygdb.py; sourceTree = "<group>"; };
		D2F2B61B18256E09000B5FCC /* util.py */ = {isa = PBXFileReference; fileEncoding = 4; lastKnownFileType = text.script.python; path = util.py; sourceTree = "<group>"; };
		D2F2B61C18256E09000B5FCC /* srx_cmd.py */ = {isa = PBXFileReference; fileEncoding = 4; lastKnownFileType = text.script.python; path = srx_cmd.py; sourceTree = "<group>"; };
		D2F2B61D18256E09000B5FCC /* pager.py */ = {isa = PBXFileReference; fileEncoding = 4; lastKnownFileType = text.script.python; path = pager.py; sourceTree = "<group>"; };
		D2F2B61E18256E09000B5FCC /* termcolor.py */ = {isa = PBXFileReference; fileEncoding = 4; lastKnownFileType = text.script.python; path = termcolor.py; sourceTree = "<group>"; };
		D2F2B62018256E42000B5FCC /* interact.py */ = {isa = PBXFileReference; fileEncoding = 4; lastKnownFileType = text.script.python; path = interact.py; sourceTree = "<group>"; };
		D2F2B6291825E89E000B5FCC /* hello.c */ = {isa = PBXFileReference; fileEncoding = 4; lastKnownFileType = sourcecode.c.c; path = hello.c; sourceTree = "<group>"; };
/* End PBXFileReference section */

/* Begin PBXGroup section */
		D2F2B60718256D13000B5FCC = {
			isa = PBXGroup;
			children = (
				D2F2B60F18256D13000B5FCC /* pygdb */,
			);
			sourceTree = "<group>";
		};
		D2F2B60F18256D13000B5FCC /* pygdb */ = {
			isa = PBXGroup;
			children = (
				D2F2B61018256D13000B5FCC /* pygdb.py */,
				D2F2B61B18256E09000B5FCC /* util.py */,
				D2F2B61C18256E09000B5FCC /* srx_cmd.py */,
				D2F2B61D18256E09000B5FCC /* pager.py */,
				D2F2B62018256E42000B5FCC /* interact.py */,
				D2F2B61E18256E09000B5FCC /* termcolor.py */,
				D2C71CA3182CBC1700C7BFA3 /* vm_prov.py */,
				D2C71CA1182CBC0B00C7BFA3 /* devvm_provision.py */,
				D2F2B61118256D13000B5FCC /* Supporting Files */,
			);
			path = pygdb;
			sourceTree = "<group>";
		};
		D2F2B61118256D13000B5FCC /* Supporting Files */ = {
			isa = PBXGroup;
			children = (
				D2F2B6291825E89E000B5FCC /* hello.c */,
			);
			name = "Supporting Files";
			sourceTree = "<group>";
		};
/* End PBXGroup section */

/* Begin PBXLegacyTarget section */
		D2F2B60E18256D13000B5FCC /* pygdb */ = {
			isa = PBXLegacyTarget;
			buildArgumentsString = "$(ACTION)";
			buildConfigurationList = D2F2B61518256D13000B5FCC /* Build configuration list for PBXLegacyTarget "pygdb" */;
			buildPhases = (
			);
			buildToolPath = /usr/bin/python;
			dependencies = (
			);
			name = pygdb;
			passBuildSettingsInEnvironment = 1;
			productName = pygdb;
		};
/* End PBXLegacyTarget section */

/* Begin PBXProject section */
		D2F2B60918256D13000B5FCC /* Project object */ = {
			isa = PBXProject;
			attributes = {
				LastUpgradeCheck = 0450;
				ORGANIZATIONNAME = "Dongsheng Mu";
			};
			buildConfigurationList = D2F2B60C18256D13000B5FCC /* Build configuration list for PBXProject "pygdb" */;
			compatibilityVersion = "Xcode 3.2";
			developmentRegion = English;
			hasScannedForEncodings = 0;
			knownRegions = (
				en,
			);
			mainGroup = D2F2B60718256D13000B5FCC;
			projectDirPath = "";
			projectRoot = "";
			targets = (
				D2F2B60E18256D13000B5FCC /* pygdb */,
			);
		};
/* End PBXProject section */

/* Begin XCBuildConfiguration section */
		D2F2B61318256D13000B5FCC /* Debug */ = {
			isa = XCBuildConfiguration;
			buildSettings = {
				ALWAYS_SEARCH_USER_PATHS = NO;
				ARCHS = "$(ARCHS_STANDARD_64_BIT)";
				CLANG_CXX_LANGUAGE_STANDARD = "gnu++0x";
				CLANG_CXX_LIBRARY = "libc++";
				CLANG_WARN_EMPTY_BODY = YES;
				CLANG_WARN__DUPLICATE_METHOD_MATCH = YES;
				COPY_PHASE_STRIP = NO;
				GCC_C_LANGUAGE_STANDARD = gnu99;
				GCC_DYNAMIC_NO_PIC = NO;
				GCC_ENABLE_OBJC_EXCEPTIONS = YES;
				GCC_OPTIMIZATION_LEVEL = 0;
				GCC_PREPROCESSOR_DEFINITIONS = (
					"DEBUG=1",
					"$(inherited)",
				);
				GCC_SYMBOLS_PRIVATE_EXTERN = NO;
				GCC_WARN_64_TO_32_BIT_CONVERSION = YES;
				GCC_WARN_ABOUT_RETURN_TYPE = YES;
				GCC_WARN_UNINITIALIZED_AUTOS = YES;
				GCC_WARN_UNUSED_VARIABLE = YES;
				MACOSX_DEPLOYMENT_TARGET = 10.8;
				ONLY_ACTIVE_ARCH = YES;
				SDKROOT = macosx;
			};
			name = Debug;
		};
		D2F2B61418256D13000B5FCC /* Release */ = {
			isa = XCBuildConfiguration;
			buildSettings = {
				ALWAYS_SEARCH_USER_PATHS = NO;
				ARCHS = "$(ARCHS_STANDARD_64_BIT)";
				CLANG_CXX_LANGUAGE_STANDARD = "gnu++0x";
				CLANG_CXX_LIBRARY = "libc++";
				CLANG_WARN_EMPTY_BODY = YES;
				CLANG_WARN__DUPLICATE_METHOD_MATCH = YES;
				COPY_PHASE_STRIP = YES;
				DEBUG_INFORMATION_FORMAT = "dwarf-with-dsym";
				GCC_C_LANGUAGE_STANDARD = gnu99;
				GCC_ENABLE_OBJC_EXCEPTIONS = YES;
				GCC_WARN_64_TO_32_BIT_CONVERSION = YES;
				GCC_WARN_ABOUT_RETURN_TYPE = YES;
				GCC_WARN_UNINITIALIZED_AUTOS = YES;
				GCC_WARN_UNUSED_VARIABLE = YES;
				MACOSX_DEPLOYMENT_TARGET = 10.8;
				SDKROOT = macosx;
			};
			name = Release;
		};
		D2F2B61618256D13000B5FCC /* Debug */ = {
			isa = XCBuildConfiguration;
			buildSettings = {
				DEBUGGING_SYMBOLS = YES;
				GCC_GENERATE_DEBUGGING_SYMBOLS = YES;
				GCC_OPTIMIZATION_LEVEL = 0;
				OTHER_CFLAGS = "";
				OTHER_LDFLAGS = "";
				PRODUCT_NAME = "$(TARGET_NAME)";
			};
			name = Debug;
		};
		D2F2B61718256D13000B5FCC /* Release */ = {
			isa = XCBuildConfiguration;
			buildSettings = {
				OTHER_CFLAGS = "";
				OTHER_LDFLAGS = "";
				PRODUCT_NAME = "$(TARGET_NAME)";
			};
			name = Release;
		};
/* End XCBuildConfiguration section */

/* Begin XCConfigurationList section */
		D2F2B60C18256D13000B5FCC /* Build configuration list for PBXProject "pygdb" */ = {
			isa = XCConfigurationList;
			buildConfigurations = (
				D2F2B61318256D13000B5FCC /* Debug */,
				D2F2B61418256D13000B5FCC /* Release */,
			);
			defaultConfigurationIsVisible = 0;
			defaultConfigurationName = Release;
		};
		D2F2B61518256D13000B5FCC /* Build configuration list for PBXLegacyTarget "pygdb" */ = {
			isa = XCConfigurationList;
			buildConfigurations = (
				D2F2B61618256D13000B5FCC /* Debug */,
				D2F2B61718256D13000B5FCC /* Release */,
			);
			defaultConfigurationIsVisible = 0;
			defaultConfigurationName = Release;
		};
/* End XCConfigurationList section */
	};
	rootObject = D2F2B60918256D13000B5FCC /* Project object */;
}
